
Microsoft Visual Studio Solution File, Format Version 12.00
# Visual Studio Version 17
VisualStudioVersion = 17.13.35825.156 d17.13
MinimumVisualStudioVersion = 10.0.40219.1
Project("{FAE04EC0-301F-11D3-BF4B-00C04F79EFBC}") = "Permit_App", "Permit_App.csproj", "{523D5778-8865-40FD-9121-5E52992424FF}"
EndProject
Global
	GlobalSection(SolutionConfigurationPlatforms) = preSolution
		Debug|Any CPU = Debug|Any CPU
		Release|Any CPU = Release|Any CPU
	EndGlobalSection
	GlobalSection(ProjectConfigurationPlatforms) = postSolution
		{523D5778-8865-40FD-9121-5E52992424FF}.Debug|Any CPU.ActiveCfg = Debug|Any CPU
		{523D5778-8865-40FD-9121-5E52992424FF}.Debug|Any CPU.Build.0 = Debug|Any CPU
		{523D5778-8865-40FD-9121-5E52992424FF}.Release|Any CPU.ActiveCfg = Release|Any CPU
		{523D5778-8865-40FD-9121-5E52992424FF}.Release|Any CPU.Build.0 = Release|Any CPU
	EndGlobalSection
	GlobalSection(SolutionProperties) = preSolution
		HideSolutionNode = FALSE
	EndGlobalSection
	GlobalSection(ExtensibilityGlobals) = postSolution
		SolutionGuid = {68FA5756-17C1-4602-8271-4DE8DB0E9EDF}
	EndGlobalSection
EndGlobal
